// !$*UTF8*$!
{
	archiveVersion = 1;
	classes = {
	};
	objectVersion = 46;
	objects = {

/* Begin PBXBuildFile section */
		364CC0BF19F4640C008AB4D3 /* Bolts.framework in Frameworks */ = {isa = PBXBuildFile; fileRef = 364CC0BD19F4640C008AB4D3 /* Bolts.framework */; };
		364CC0C019F4640C008AB4D3 /* Parse.framework in Frameworks */ = {isa = PBXBuildFile; fileRef = 364CC0BE19F4640C008AB4D3 /* Parse.framework */; };
		364CC0C219F4643D008AB4D3 /* AudioToolbox.framework in Frameworks */ = {isa = PBXBuildFile; fileRef = 364CC0C119F4643D008AB4D3 /* AudioToolbox.framework */; };
		364CC0C419F46447008AB4D3 /* CFNetwork.framework in Frameworks */ = {isa = PBXBuildFile; fileRef = 364CC0C319F46447008AB4D3 /* CFNetwork.framework */; };
		364CC0C619F46455008AB4D3 /* CoreLocation.framework in Frameworks */ = {isa = PBXBuildFile; fileRef = 364CC0C519F46455008AB4D3 /* CoreLocation.framework */; };
		364CC0C819F4645F008AB4D3 /* libz.dylib in Frameworks */ = {isa = PBXBuildFile; fileRef = 364CC0C719F4645F008AB4D3 /* libz.dylib */; };
		364CC0CA19F46467008AB4D3 /* MobileCoreServices.framework in Frameworks */ = {isa = PBXBuildFile; fileRef = 364CC0C919F46467008AB4D3 /* MobileCoreServices.framework */; };
		364CC0CC19F46471008AB4D3 /* QuartzCore.framework in Frameworks */ = {isa = PBXBuildFile; fileRef = 364CC0CB19F46471008AB4D3 /* QuartzCore.framework */; };
		364CC0CE19F46479008AB4D3 /* Security.framework in Frameworks */ = {isa = PBXBuildFile; fileRef = 364CC0CD19F46479008AB4D3 /* Security.framework */; };
		364CC0D019F46482008AB4D3 /* StoreKit.framework in Frameworks */ = {isa = PBXBuildFile; fileRef = 364CC0CF19F46482008AB4D3 /* StoreKit.framework */; };
		364CC0D219F4648B008AB4D3 /* SystemConfiguration.framework in Frameworks */ = {isa = PBXBuildFile; fileRef = 364CC0D119F4648B008AB4D3 /* SystemConfiguration.framework */; };
		364CC0D519F47105008AB4D3 /* RegisterViewController.m in Sources */ = {isa = PBXBuildFile; fileRef = 364CC0D419F47105008AB4D3 /* RegisterViewController.m */; };
		364CC0D819F4774B008AB4D3 /* AccountInfoViewController.m in Sources */ = {isa = PBXBuildFile; fileRef = 364CC0D719F4774B008AB4D3 /* AccountInfoViewController.m */; };
		364CC0FB1A06F9CB008AB4D3 /* EditUserInfoViewController.m in Sources */ = {isa = PBXBuildFile; fileRef = 364CC0FA1A06F9CB008AB4D3 /* EditUserInfoViewController.m */; };
		364CC1011A0B27E3008AB4D3 /* ExHistoryViewController.m in Sources */ = {isa = PBXBuildFile; fileRef = 364CC1001A0B27E3008AB4D3 /* ExHistoryViewController.m */; };
		36628FF61A0AAE9C002FDE0D /* BookMarketViewController.m in Sources */ = {isa = PBXBuildFile; fileRef = 36628FF51A0AAE9C002FDE0D /* BookMarketViewController.m */; };
		3668D93E1A08169A00228F6A /* MyBooksViewController.m in Sources */ = {isa = PBXBuildFile; fileRef = 3668D93D1A08169A00228F6A /* MyBooksViewController.m */; };
		3668D9411A089D6A00228F6A /* AddBookViewController.m in Sources */ = {isa = PBXBuildFile; fileRef = 3668D9401A089D6A00228F6A /* AddBookViewController.m */; };
		3668D9441A08B8AD00228F6A /* BookDetailViewController.m in Sources */ = {isa = PBXBuildFile; fileRef = 3668D9431A08B8AD00228F6A /* BookDetailViewController.m */; };
		367A19A619DD05C9006B876C /* Foundation.framework in Frameworks */ = {isa = PBXBuildFile; fileRef = 367A19A519DD05C9006B876C /* Foundation.framework */; };
		367A19A819DD05C9006B876C /* CoreGraphics.framework in Frameworks */ = {isa = PBXBuildFile; fileRef = 367A19A719DD05C9006B876C /* CoreGraphics.framework */; };
		367A19AA19DD05C9006B876C /* UIKit.framework in Frameworks */ = {isa = PBXBuildFile; fileRef = 367A19A919DD05C9006B876C /* UIKit.framework */; };
		367A19B019DD05C9006B876C /* InfoPlist.strings in Resources */ = {isa = PBXBuildFile; fileRef = 367A19AE19DD05C9006B876C /* InfoPlist.strings */; };
		367A19B219DD05CA006B876C /* main.m in Sources */ = {isa = PBXBuildFile; fileRef = 367A19B119DD05C9006B876C /* main.m */; };
		367A19B619DD05CA006B876C /* AppDelegate.m in Sources */ = {isa = PBXBuildFile; fileRef = 367A19B519DD05CA006B876C /* AppDelegate.m */; };
		367A19B919DD05CA006B876C /* Main.storyboard in Resources */ = {isa = PBXBuildFile; fileRef = 367A19B719DD05CA006B876C /* Main.storyboard */; };
		367A19BC19DD05CA006B876C /* ViewController.m in Sources */ = {isa = PBXBuildFile; fileRef = 367A19BB19DD05CA006B876C /* ViewController.m */; };
		367A19BE19DD05CA006B876C /* Images.xcassets in Resources */ = {isa = PBXBuildFile; fileRef = 367A19BD19DD05CA006B876C /* Images.xcassets */; };
		367A19C519DD05CA006B876C /* XCTest.framework in Frameworks */ = {isa = PBXBuildFile; fileRef = 367A19C419DD05CA006B876C /* XCTest.framework */; };
		367A19C619DD05CA006B876C /* Foundation.framework in Frameworks */ = {isa = PBXBuildFile; fileRef = 367A19A519DD05C9006B876C /* Foundation.framework */; };
		367A19C719DD05CA006B876C /* UIKit.framework in Frameworks */ = {isa = PBXBuildFile; fileRef = 367A19A919DD05C9006B876C /* UIKit.framework */; };
		367A19CF19DD05CA006B876C /* InfoPlist.strings in Resources */ = {isa = PBXBuildFile; fileRef = 367A19CD19DD05CA006B876C /* InfoPlist.strings */; };
		367A19D119DD05CA006B876C /* TextbookExchangeTests.m in Sources */ = {isa = PBXBuildFile; fileRef = 367A19D019DD05CA006B876C /* TextbookExchangeTests.m */; };
		36E0339A1A0B1D83003625FD /* EditBookViewController.m in Sources */ = {isa = PBXBuildFile; fileRef = 36E033991A0B1D83003625FD /* EditBookViewController.m */; };
		E548290A1A140A20005032D0 /* Constants.m in Sources */ = {isa = PBXBuildFile; fileRef = E54829091A140A20005032D0 /* Constants.m */; };
/* End PBXBuildFile section */

/* Begin PBXContainerItemProxy section */
		367A19C819DD05CA006B876C /* PBXContainerItemProxy */ = {
			isa = PBXContainerItemProxy;
			containerPortal = 367A199A19DD05C9006B876C /* Project object */;
			proxyType = 1;
			remoteGlobalIDString = 367A19A119DD05C9006B876C;
			remoteInfo = TextbookExchange;
		};
/* End PBXContainerItemProxy section */

/* Begin PBXFileReference section */
		364CC0BD19F4640C008AB4D3 /* Bolts.framework */ = {isa = PBXFileReference; lastKnownFileType = wrapper.framework; path = Bolts.framework; sourceTree = "<group>"; };
		364CC0BE19F4640C008AB4D3 /* Parse.framework */ = {isa = PBXFileReference; lastKnownFileType = wrapper.framework; path = Parse.framework; sourceTree = "<group>"; };
		364CC0C119F4643D008AB4D3 /* AudioToolbox.framework */ = {isa = PBXFileReference; lastKnownFileType = wrapper.framework; name = AudioToolbox.framework; path = System/Library/Frameworks/AudioToolbox.framework; sourceTree = SDKROOT; };
		364CC0C319F46447008AB4D3 /* CFNetwork.framework */ = {isa = PBXFileReference; lastKnownFileType = wrapper.framework; name = CFNetwork.framework; path = System/Library/Frameworks/CFNetwork.framework; sourceTree = SDKROOT; };
		364CC0C519F46455008AB4D3 /* CoreLocation.framework */ = {isa = PBXFileReference; lastKnownFileType = wrapper.framework; name = CoreLocation.framework; path = System/Library/Frameworks/CoreLocation.framework; sourceTree = SDKROOT; };
		364CC0C719F4645F008AB4D3 /* libz.dylib */ = {isa = PBXFileReference; lastKnownFileType = "compiled.mach-o.dylib"; name = libz.dylib; path = usr/lib/libz.dylib; sourceTree = SDKROOT; };
		364CC0C919F46467008AB4D3 /* MobileCoreServices.framework */ = {isa = PBXFileReference; lastKnownFileType = wrapper.framework; name = MobileCoreServices.framework; path = System/Library/Frameworks/MobileCoreServices.framework; sourceTree = SDKROOT; };
		364CC0CB19F46471008AB4D3 /* QuartzCore.framework */ = {isa = PBXFileReference; lastKnownFileType = wrapper.framework; name = QuartzCore.framework; path = System/Library/Frameworks/QuartzCore.framework; sourceTree = SDKROOT; };
		364CC0CD19F46479008AB4D3 /* Security.framework */ = {isa = PBXFileReference; lastKnownFileType = wrapper.framework; name = Security.framework; path = System/Library/Frameworks/Security.framework; sourceTree = SDKROOT; };
		364CC0CF19F46482008AB4D3 /* StoreKit.framework */ = {isa = PBXFileReference; lastKnownFileType = wrapper.framework; name = StoreKit.framework; path = System/Library/Frameworks/StoreKit.framework; sourceTree = SDKROOT; };
		364CC0D119F4648B008AB4D3 /* SystemConfiguration.framework */ = {isa = PBXFileReference; lastKnownFileType = wrapper.framework; name = SystemConfiguration.framework; path = System/Library/Frameworks/SystemConfiguration.framework; sourceTree = SDKROOT; };
		364CC0D319F47105008AB4D3 /* RegisterViewController.h */ = {isa = PBXFileReference; fileEncoding = 4; lastKnownFileType = sourcecode.c.h; path = RegisterViewController.h; sourceTree = "<group>"; };
		364CC0D419F47105008AB4D3 /* RegisterViewController.m */ = {isa = PBXFileReference; fileEncoding = 4; lastKnownFileType = sourcecode.c.objc; path = RegisterViewController.m; sourceTree = "<group>"; };
		364CC0D619F4774B008AB4D3 /* AccountInfoViewController.h */ = {isa = PBXFileReference; fileEncoding = 4; lastKnownFileType = sourcecode.c.h; path = AccountInfoViewController.h; sourceTree = "<group>"; };
		364CC0D719F4774B008AB4D3 /* AccountInfoViewController.m */ = {isa = PBXFileReference; fileEncoding = 4; lastKnownFileType = sourcecode.c.objc; path = AccountInfoViewController.m; sourceTree = "<group>"; };
		364CC0F91A06F9CB008AB4D3 /* EditUserInfoViewController.h */ = {isa = PBXFileReference; fileEncoding = 4; lastKnownFileType = sourcecode.c.h; path = EditUserInfoViewController.h; sourceTree = "<group>"; };
		364CC0FA1A06F9CB008AB4D3 /* EditUserInfoViewController.m */ = {isa = PBXFileReference; fileEncoding = 4; lastKnownFileType = sourcecode.c.objc; path = EditUserInfoViewController.m; sourceTree = "<group>"; };
		364CC0FF1A0B27E3008AB4D3 /* ExHistoryViewController.h */ = {isa = PBXFileReference; fileEncoding = 4; lastKnownFileType = sourcecode.c.h; path = ExHistoryViewController.h; sourceTree = "<group>"; };
		364CC1001A0B27E3008AB4D3 /* ExHistoryViewController.m */ = {isa = PBXFileReference; fileEncoding = 4; lastKnownFileType = sourcecode.c.objc; path = ExHistoryViewController.m; sourceTree = "<group>"; };
		36628FF41A0AAE9C002FDE0D /* BookMarketViewController.h */ = {isa = PBXFileReference; fileEncoding = 4; lastKnownFileType = sourcecode.c.h; path = BookMarketViewController.h; sourceTree = "<group>"; };
		36628FF51A0AAE9C002FDE0D /* BookMarketViewController.m */ = {isa = PBXFileReference; fileEncoding = 4; lastKnownFileType = sourcecode.c.objc; path = BookMarketViewController.m; sourceTree = "<group>"; };
		3668D93C1A08169A00228F6A /* MyBooksViewController.h */ = {isa = PBXFileReference; fileEncoding = 4; lastKnownFileType = sourcecode.c.h; path = MyBooksViewController.h; sourceTree = "<group>"; };
		3668D93D1A08169A00228F6A /* MyBooksViewController.m */ = {isa = PBXFileReference; fileEncoding = 4; lastKnownFileType = sourcecode.c.objc; path = MyBooksViewController.m; sourceTree = "<group>"; };
		3668D93F1A089D6A00228F6A /* AddBookViewController.h */ = {isa = PBXFileReference; fileEncoding = 4; lastKnownFileType = sourcecode.c.h; path = AddBookViewController.h; sourceTree = "<group>"; };
		3668D9401A089D6A00228F6A /* AddBookViewController.m */ = {isa = PBXFileReference; fileEncoding = 4; lastKnownFileType = sourcecode.c.objc; path = AddBookViewController.m; sourceTree = "<group>"; };
		3668D9421A08B8AD00228F6A /* BookDetailViewController.h */ = {isa = PBXFileReference; fileEncoding = 4; lastKnownFileType = sourcecode.c.h; path = BookDetailViewController.h; sourceTree = "<group>"; };
		3668D9431A08B8AD00228F6A /* BookDetailViewController.m */ = {isa = PBXFileReference; fileEncoding = 4; lastKnownFileType = sourcecode.c.objc; path = BookDetailViewController.m; sourceTree = "<group>"; };
		367A19A219DD05C9006B876C /* TextbookExchange.app */ = {isa = PBXFileReference; explicitFileType = wrapper.application; includeInIndex = 0; path = TextbookExchange.app; sourceTree = BUILT_PRODUCTS_DIR; };
		367A19A519DD05C9006B876C /* Foundation.framework */ = {isa = PBXFileReference; lastKnownFileType = wrapper.framework; name = Foundation.framework; path = System/Library/Frameworks/Foundation.framework; sourceTree = SDKROOT; };
		367A19A719DD05C9006B876C /* CoreGraphics.framework */ = {isa = PBXFileReference; lastKnownFileType = wrapper.framework; name = CoreGraphics.framework; path = System/Library/Frameworks/CoreGraphics.framework; sourceTree = SDKROOT; };
		367A19A919DD05C9006B876C /* UIKit.framework */ = {isa = PBXFileReference; lastKnownFileType = wrapper.framework; name = UIKit.framework; path = System/Library/Frameworks/UIKit.framework; sourceTree = SDKROOT; };
		367A19AD19DD05C9006B876C /* TextbookExchange-Info.plist */ = {isa = PBXFileReference; lastKnownFileType = text.plist.xml; path = "TextbookExchange-Info.plist"; sourceTree = "<group>"; };
		367A19AF19DD05C9006B876C /* en */ = {isa = PBXFileReference; lastKnownFileType = text.plist.strings; name = en; path = en.lproj/InfoPlist.strings; sourceTree = "<group>"; };
		367A19B119DD05C9006B876C /* main.m */ = {isa = PBXFileReference; lastKnownFileType = sourcecode.c.objc; path = main.m; sourceTree = "<group>"; };
		367A19B319DD05CA006B876C /* TextbookExchange-Prefix.pch */ = {isa = PBXFileReference; lastKnownFileType = sourcecode.c.h; path = "TextbookExchange-Prefix.pch"; sourceTree = "<group>"; };
		367A19B419DD05CA006B876C /* AppDelegate.h */ = {isa = PBXFileReference; lastKnownFileType = sourcecode.c.h; path = AppDelegate.h; sourceTree = "<group>"; };
		367A19B519DD05CA006B876C /* AppDelegate.m */ = {isa = PBXFileReference; lastKnownFileType = sourcecode.c.objc; path = AppDelegate.m; sourceTree = "<group>"; };
		367A19B819DD05CA006B876C /* Base */ = {isa = PBXFileReference; lastKnownFileType = file.storyboard; name = Base; path = Base.lproj/Main.storyboard; sourceTree = "<group>"; };
		367A19BA19DD05CA006B876C /* ViewController.h */ = {isa = PBXFileReference; lastKnownFileType = sourcecode.c.h; path = ViewController.h; sourceTree = "<group>"; };
		367A19BB19DD05CA006B876C /* ViewController.m */ = {isa = PBXFileReference; lastKnownFileType = sourcecode.c.objc; path = ViewController.m; sourceTree = "<group>"; };
		367A19BD19DD05CA006B876C /* Images.xcassets */ = {isa = PBXFileReference; lastKnownFileType = folder.assetcatalog; path = Images.xcassets; sourceTree = "<group>"; };
		367A19C319DD05CA006B876C /* TextbookExchangeTests.xctest */ = {isa = PBXFileReference; explicitFileType = wrapper.cfbundle; includeInIndex = 0; path = TextbookExchangeTests.xctest; sourceTree = BUILT_PRODUCTS_DIR; };
		367A19C419DD05CA006B876C /* XCTest.framework */ = {isa = PBXFileReference; lastKnownFileType = wrapper.framework; name = XCTest.framework; path = Library/Frameworks/XCTest.framework; sourceTree = DEVELOPER_DIR; };
		367A19CC19DD05CA006B876C /* TextbookExchangeTests-Info.plist */ = {isa = PBXFileReference; lastKnownFileType = text.plist.xml; path = "TextbookExchangeTests-Info.plist"; sourceTree = "<group>"; };
		367A19CE19DD05CA006B876C /* en */ = {isa = PBXFileReference; lastKnownFileType = text.plist.strings; name = en; path = en.lproj/InfoPlist.strings; sourceTree = "<group>"; };
		367A19D019DD05CA006B876C /* TextbookExchangeTests.m */ = {isa = PBXFileReference; lastKnownFileType = sourcecode.c.objc; path = TextbookExchangeTests.m; sourceTree = "<group>"; };
		36E033981A0B1D83003625FD /* EditBookViewController.h */ = {isa = PBXFileReference; fileEncoding = 4; lastKnownFileType = sourcecode.c.h; path = EditBookViewController.h; sourceTree = "<group>"; };
		36E033991A0B1D83003625FD /* EditBookViewController.m */ = {isa = PBXFileReference; fileEncoding = 4; lastKnownFileType = sourcecode.c.objc; path = EditBookViewController.m; sourceTree = "<group>"; };
		E54829081A140A20005032D0 /* Constants.h */ = {isa = PBXFileReference; fileEncoding = 4; lastKnownFileType = sourcecode.c.h; path = Constants.h; sourceTree = "<group>"; };
		E54829091A140A20005032D0 /* Constants.m */ = {isa = PBXFileReference; fileEncoding = 4; lastKnownFileType = sourcecode.c.objc; path = Constants.m; sourceTree = "<group>"; };
/* End PBXFileReference section */

/* Begin PBXFrameworksBuildPhase section */
		367A199F19DD05C9006B876C /* Frameworks */ = {
			isa = PBXFrameworksBuildPhase;
			buildActionMask = 2147483647;
			files = (
				364CC0D219F4648B008AB4D3 /* SystemConfiguration.framework in Frameworks */,
				364CC0D019F46482008AB4D3 /* StoreKit.framework in Frameworks */,
				364CC0CE19F46479008AB4D3 /* Security.framework in Frameworks */,
				364CC0CC19F46471008AB4D3 /* QuartzCore.framework in Frameworks */,
				364CC0CA19F46467008AB4D3 /* MobileCoreServices.framework in Frameworks */,
				364CC0C819F4645F008AB4D3 /* libz.dylib in Frameworks */,
				364CC0C619F46455008AB4D3 /* CoreLocation.framework in Frameworks */,
				364CC0C419F46447008AB4D3 /* CFNetwork.framework in Frameworks */,
				364CC0C219F4643D008AB4D3 /* AudioToolbox.framework in Frameworks */,
				367A19A819DD05C9006B876C /* CoreGraphics.framework in Frameworks */,
				367A19AA19DD05C9006B876C /* UIKit.framework in Frameworks */,
				367A19A619DD05C9006B876C /* Foundation.framework in Frameworks */,
				364CC0BF19F4640C008AB4D3 /* Bolts.framework in Frameworks */,
				364CC0C019F4640C008AB4D3 /* Parse.framework in Frameworks */,
			);
			runOnlyForDeploymentPostprocessing = 0;
		};
		367A19C019DD05CA006B876C /* Frameworks */ = {
			isa = PBXFrameworksBuildPhase;
			buildActionMask = 2147483647;
			files = (
				367A19C519DD05CA006B876C /* XCTest.framework in Frameworks */,
				367A19C719DD05CA006B876C /* UIKit.framework in Frameworks */,
				367A19C619DD05CA006B876C /* Foundation.framework in Frameworks */,
			);
			runOnlyForDeploymentPostprocessing = 0;
		};
/* End PBXFrameworksBuildPhase section */

/* Begin PBXGroup section */
		367A199919DD05C9006B876C = {
			isa = PBXGroup;
			children = (
				364CC0BD19F4640C008AB4D3 /* Bolts.framework */,
				364CC0BE19F4640C008AB4D3 /* Parse.framework */,
				367A19AB19DD05C9006B876C /* TextbookExchange */,
				367A19CA19DD05CA006B876C /* TextbookExchangeTests */,
				367A19A419DD05C9006B876C /* Frameworks */,
				367A19A319DD05C9006B876C /* Products */,
			);
			sourceTree = "<group>";
		};
		367A19A319DD05C9006B876C /* Products */ = {
			isa = PBXGroup;
			children = (
				367A19A219DD05C9006B876C /* TextbookExchange.app */,
				367A19C319DD05CA006B876C /* TextbookExchangeTests.xctest */,
			);
			name = Products;
			sourceTree = "<group>";
		};
		367A19A419DD05C9006B876C /* Frameworks */ = {
			isa = PBXGroup;
			children = (
				364CC0D119F4648B008AB4D3 /* SystemConfiguration.framework */,
				364CC0CF19F46482008AB4D3 /* StoreKit.framework */,
				364CC0CD19F46479008AB4D3 /* Security.framework */,
				364CC0CB19F46471008AB4D3 /* QuartzCore.framework */,
				364CC0C919F46467008AB4D3 /* MobileCoreServices.framework */,
				364CC0C719F4645F008AB4D3 /* libz.dylib */,
				364CC0C519F46455008AB4D3 /* CoreLocation.framework */,
				364CC0C319F46447008AB4D3 /* CFNetwork.framework */,
				364CC0C119F4643D008AB4D3 /* AudioToolbox.framework */,
				367A19A519DD05C9006B876C /* Foundation.framework */,
				367A19A719DD05C9006B876C /* CoreGraphics.framework */,
				367A19A919DD05C9006B876C /* UIKit.framework */,
				367A19C419DD05CA006B876C /* XCTest.framework */,
			);
			name = Frameworks;
			sourceTree = "<group>";
		};
		367A19AB19DD05C9006B876C /* TextbookExchange */ = {
			isa = PBXGroup;
			children = (
				367A19B419DD05CA006B876C /* AppDelegate.h */,
				367A19B519DD05CA006B876C /* AppDelegate.m */,
				367A19B719DD05CA006B876C /* Main.storyboard */,
				E548290B1A140A26005032D0 /* Constants */,
				E54829071A14076E005032D0 /* View Controllers */,
				367A19BD19DD05CA006B876C /* Images.xcassets */,
				367A19AC19DD05C9006B876C /* Supporting Files */,
			);
			path = TextbookExchange;
			sourceTree = "<group>";
		};
		367A19AC19DD05C9006B876C /* Supporting Files */ = {
			isa = PBXGroup;
			children = (
				367A19AD19DD05C9006B876C /* TextbookExchange-Info.plist */,
				367A19AE19DD05C9006B876C /* InfoPlist.strings */,
				367A19B119DD05C9006B876C /* main.m */,
				367A19B319DD05CA006B876C /* TextbookExchange-Prefix.pch */,
			);
			name = "Supporting Files";
			sourceTree = "<group>";
		};
		367A19CA19DD05CA006B876C /* TextbookExchangeTests */ = {
			isa = PBXGroup;
			children = (
				367A19D019DD05CA006B876C /* TextbookExchangeTests.m */,
				367A19CB19DD05CA006B876C /* Supporting Files */,
			);
			path = TextbookExchangeTests;
			sourceTree = "<group>";
		};
		367A19CB19DD05CA006B876C /* Supporting Files */ = {
			isa = PBXGroup;
			children = (
				367A19CC19DD05CA006B876C /* TextbookExchangeTests-Info.plist */,
				367A19CD19DD05CA006B876C /* InfoPlist.strings */,
			);
			name = "Supporting Files";
			sourceTree = "<group>";
		};
		E54828FD1A1406F3005032D0 /* ExHistory */ = {
			isa = PBXGroup;
			children = (
				364CC0FF1A0B27E3008AB4D3 /* ExHistoryViewController.h */,
				364CC1001A0B27E3008AB4D3 /* ExHistoryViewController.m */,
			);
			name = ExHistory;
			sourceTree = "<group>";
		};
		E54828FE1A1406FE005032D0 /* EditBook */ = {
			isa = PBXGroup;
			children = (
				36E033981A0B1D83003625FD /* EditBookViewController.h */,
				36E033991A0B1D83003625FD /* EditBookViewController.m */,
			);
			name = EditBook;
			sourceTree = "<group>";
		};
		E54828FF1A140706005032D0 /* BookMarket */ = {
			isa = PBXGroup;
			children = (
				36628FF41A0AAE9C002FDE0D /* BookMarketViewController.h */,
				36628FF51A0AAE9C002FDE0D /* BookMarketViewController.m */,
			);
			name = BookMarket;
			sourceTree = "<group>";
		};
		E54829001A14070E005032D0 /* BookDetail */ = {
			isa = PBXGroup;
			children = (
				3668D9421A08B8AD00228F6A /* BookDetailViewController.h */,
				3668D9431A08B8AD00228F6A /* BookDetailViewController.m */,
			);
			name = BookDetail;
			sourceTree = "<group>";
		};
		E54829011A14071D005032D0 /* AddBook */ = {
			isa = PBXGroup;
			children = (
				3668D93F1A089D6A00228F6A /* AddBookViewController.h */,
				3668D9401A089D6A00228F6A /* AddBookViewController.m */,
			);
			name = AddBook;
			sourceTree = "<group>";
		};
		E54829021A140727005032D0 /* MyBooks */ = {
			isa = PBXGroup;
			children = (
				3668D93C1A08169A00228F6A /* MyBooksViewController.h */,
				3668D93D1A08169A00228F6A /* MyBooksViewController.m */,
			);
			name = MyBooks;
			sourceTree = "<group>";
		};
		E54829031A14072F005032D0 /* EditUserInfo */ = {
			isa = PBXGroup;
			children = (
				364CC0F91A06F9CB008AB4D3 /* EditUserInfoViewController.h */,
				364CC0FA1A06F9CB008AB4D3 /* EditUserInfoViewController.m */,
			);
			name = EditUserInfo;
			sourceTree = "<group>";
		};
		E54829041A14073C005032D0 /* AccountInfo */ = {
			isa = PBXGroup;
			children = (
				364CC0D619F4774B008AB4D3 /* AccountInfoViewController.h */,
				364CC0D719F4774B008AB4D3 /* AccountInfoViewController.m */,
			);
			name = AccountInfo;
			sourceTree = "<group>";
		};
		E54829051A140753005032D0 /* Register */ = {
			isa = PBXGroup;
			children = (
				364CC0D319F47105008AB4D3 /* RegisterViewController.h */,
				364CC0D419F47105008AB4D3 /* RegisterViewController.m */,
			);
			name = Register;
			sourceTree = "<group>";
		};
		E54829061A140761005032D0 /* Login */ = {
			isa = PBXGroup;
			children = (
				367A19BA19DD05CA006B876C /* ViewController.h */,
				367A19BB19DD05CA006B876C /* ViewController.m */,
			);
			name = Login;
			sourceTree = "<group>";
		};
		E54829071A14076E005032D0 /* View Controllers */ = {
			isa = PBXGroup;
			children = (
				E54828FD1A1406F3005032D0 /* ExHistory */,
				E54828FE1A1406FE005032D0 /* EditBook */,
				E54828FF1A140706005032D0 /* BookMarket */,
				E54829001A14070E005032D0 /* BookDetail */,
				E54829011A14071D005032D0 /* AddBook */,
				E54829021A140727005032D0 /* MyBooks */,
				E54829031A14072F005032D0 /* EditUserInfo */,
				E54829041A14073C005032D0 /* AccountInfo */,
				E54829051A140753005032D0 /* Register */,
				E54829061A140761005032D0 /* Login */,
			);
			name = "View Controllers";
			sourceTree = "<group>";
		};
		E548290B1A140A26005032D0 /* Constants */ = {
			isa = PBXGroup;
			children = (
				E54829081A140A20005032D0 /* Constants.h */,
				E54829091A140A20005032D0 /* Constants.m */,
			);
			name = Constants;
			sourceTree = "<group>";
		};
/* End PBXGroup section */

/* Begin PBXNativeTarget section */
		367A19A119DD05C9006B876C /* TextbookExchange */ = {
			isa = PBXNativeTarget;
			buildConfigurationList = 367A19D419DD05CA006B876C /* Build configuration list for PBXNativeTarget "TextbookExchange" */;
			buildPhases = (
				367A199E19DD05C9006B876C /* Sources */,
				367A199F19DD05C9006B876C /* Frameworks */,
				367A19A019DD05C9006B876C /* Resources */,
			);
			buildRules = (
			);
			dependencies = (
			);
			name = TextbookExchange;
			productName = TextbookExchange;
			productReference = 367A19A219DD05C9006B876C /* TextbookExchange.app */;
			productType = "com.apple.product-type.application";
		};
		367A19C219DD05CA006B876C /* TextbookExchangeTests */ = {
			isa = PBXNativeTarget;
			buildConfigurationList = 367A19D719DD05CA006B876C /* Build configuration list for PBXNativeTarget "TextbookExchangeTests" */;
			buildPhases = (
				367A19BF19DD05CA006B876C /* Sources */,
				367A19C019DD05CA006B876C /* Frameworks */,
				367A19C119DD05CA006B876C /* Resources */,
			);
			buildRules = (
			);
			dependencies = (
				367A19C919DD05CA006B876C /* PBXTargetDependency */,
			);
			name = TextbookExchangeTests;
			productName = TextbookExchangeTests;
			productReference = 367A19C319DD05CA006B876C /* TextbookExchangeTests.xctest */;
			productType = "com.apple.product-type.bundle.unit-test";
		};
/* End PBXNativeTarget section */

/* Begin PBXProject section */
		367A199A19DD05C9006B876C /* Project object */ = {
			isa = PBXProject;
			attributes = {
				LastUpgradeCheck = 0510;
				TargetAttributes = {
					367A19C219DD05CA006B876C = {
						TestTargetID = 367A19A119DD05C9006B876C;
					};
				};
			};
			buildConfigurationList = 367A199D19DD05C9006B876C /* Build configuration list for PBXProject "TextbookExchange" */;
			compatibilityVersion = "Xcode 3.2";
			developmentRegion = English;
			hasScannedForEncodings = 0;
			knownRegions = (
				en,
				Base,
			);
			mainGroup = 367A199919DD05C9006B876C;
			productRefGroup = 367A19A319DD05C9006B876C /* Products */;
			projectDirPath = "";
			projectRoot = "";
			targets = (
				367A19A119DD05C9006B876C /* TextbookExchange */,
				367A19C219DD05CA006B876C /* TextbookExchangeTests */,
			);
		};
/* End PBXProject section */

/* Begin PBXResourcesBuildPhase section */
		367A19A019DD05C9006B876C /* Resources */ = {
			isa = PBXResourcesBuildPhase;
			buildActionMask = 2147483647;
			files = (
				367A19BE19DD05CA006B876C /* Images.xcassets in Resources */,
				367A19B019DD05C9006B876C /* InfoPlist.strings in Resources */,
				367A19B919DD05CA006B876C /* Main.storyboard in Resources */,
			);
			runOnlyForDeploymentPostprocessing = 0;
		};
		367A19C119DD05CA006B876C /* Resources */ = {
			isa = PBXResourcesBuildPhase;
			buildActionMask = 2147483647;
			files = (
				367A19CF19DD05CA006B876C /* InfoPlist.strings in Resources */,
			);
			runOnlyForDeploymentPostprocessing = 0;
		};
/* End PBXResourcesBuildPhase section */

/* Begin PBXSourcesBuildPhase section */
		367A199E19DD05C9006B876C /* Sources */ = {
			isa = PBXSourcesBuildPhase;
			buildActionMask = 2147483647;
			files = (
				367A19BC19DD05CA006B876C /* ViewController.m in Sources */,
				36E0339A1A0B1D83003625FD /* EditBookViewController.m in Sources */,
				364CC1011A0B27E3008AB4D3 /* ExHistoryViewController.m in Sources */,
				364CC0FB1A06F9CB008AB4D3 /* EditUserInfoViewController.m in Sources */,
				3668D93E1A08169A00228F6A /* MyBooksViewController.m in Sources */,
				367A19B619DD05CA006B876C /* AppDelegate.m in Sources */,
				364CC0D819F4774B008AB4D3 /* AccountInfoViewController.m in Sources */,
				E548290A1A140A20005032D0 /* Constants.m in Sources */,
				36628FF61A0AAE9C002FDE0D /* BookMarketViewController.m in Sources */,
				3668D9411A089D6A00228F6A /* AddBookViewController.m in Sources */,
				367A19B219DD05CA006B876C /* main.m in Sources */,
				364CC0D519F47105008AB4D3 /* RegisterViewController.m in Sources */,
				3668D9441A08B8AD00228F6A /* BookDetailViewController.m in Sources */,
			);
			runOnlyForDeploymentPostprocessing = 0;
		};
		367A19BF19DD05CA006B876C /* Sources */ = {
			isa = PBXSourcesBuildPhase;
			buildActionMask = 2147483647;
			files = (
				367A19D119DD05CA006B876C /* TextbookExchangeTests.m in Sources */,
			);
			runOnlyForDeploymentPostprocessing = 0;
		};
/* End PBXSourcesBuildPhase section */

/* Begin PBXTargetDependency section */
		367A19C919DD05CA006B876C /* PBXTargetDependency */ = {
			isa = PBXTargetDependency;
			target = 367A19A119DD05C9006B876C /* TextbookExchange */;
			targetProxy = 367A19C819DD05CA006B876C /* PBXContainerItemProxy */;
		};
/* End PBXTargetDependency section */

/* Begin PBXVariantGroup section */
		367A19AE19DD05C9006B876C /* InfoPlist.strings */ = {
			isa = PBXVariantGroup;
			children = (
				367A19AF19DD05C9006B876C /* en */,
			);
			name = InfoPlist.strings;
			sourceTree = "<group>";
		};
		367A19B719DD05CA006B876C /* Main.storyboard */ = {
			isa = PBXVariantGroup;
			children = (
				367A19B819DD05CA006B876C /* Base */,
			);
			name = Main.storyboard;
			sourceTree = "<group>";
		};
		367A19CD19DD05CA006B876C /* InfoPlist.strings */ = {
			isa = PBXVariantGroup;
			children = (
				367A19CE19DD05CA006B876C /* en */,
			);
			name = InfoPlist.strings;
			sourceTree = "<group>";
		};
/* End PBXVariantGroup section */

/* Begin XCBuildConfiguration section */
		367A19D219DD05CA006B876C /* Debug */ = {
			isa = XCBuildConfiguration;
			buildSettings = {
				ALWAYS_SEARCH_USER_PATHS = NO;
				CLANG_CXX_LANGUAGE_STANDARD = "gnu++0x";
				CLANG_CXX_LIBRARY = "libc++";
				CLANG_ENABLE_MODULES = YES;
				CLANG_ENABLE_OBJC_ARC = YES;
				CLANG_WARN_BOOL_CONVERSION = YES;
				CLANG_WARN_CONSTANT_CONVERSION = YES;
				CLANG_WARN_DIRECT_OBJC_ISA_USAGE = YES_ERROR;
				CLANG_WARN_EMPTY_BODY = YES;
				CLANG_WARN_ENUM_CONVERSION = YES;
				CLANG_WARN_INT_CONVERSION = YES;
				CLANG_WARN_OBJC_ROOT_CLASS = YES_ERROR;
				CLANG_WARN__DUPLICATE_METHOD_MATCH = YES;
				"CODE_SIGN_IDENTITY[sdk=iphoneos*]" = "iPhone Developer";
				COPY_PHASE_STRIP = NO;
				GCC_C_LANGUAGE_STANDARD = gnu99;
				GCC_DYNAMIC_NO_PIC = NO;
				GCC_OPTIMIZATION_LEVEL = 0;
				GCC_PREPROCESSOR_DEFINITIONS = (
					"DEBUG=1",
					"$(inherited)",
				);
				GCC_SYMBOLS_PRIVATE_EXTERN = NO;
				GCC_WARN_64_TO_32_BIT_CONVERSION = YES;
				GCC_WARN_ABOUT_RETURN_TYPE = YES_ERROR;
				GCC_WARN_UNDECLARED_SELECTOR = YES;
				GCC_WARN_UNINITIALIZED_AUTOS = YES_AGGRESSIVE;
				GCC_WARN_UNUSED_FUNCTION = YES;
				GCC_WARN_UNUSED_VARIABLE = YES;
				IPHONEOS_DEPLOYMENT_TARGET = 7.1;
				ONLY_ACTIVE_ARCH = YES;
				SDKROOT = iphoneos;
			};
			name = Debug;
		};
		367A19D319DD05CA006B876C /* Release */ = {
			isa = XCBuildConfiguration;
			buildSettings = {
				ALWAYS_SEARCH_USER_PATHS = NO;
				CLANG_CXX_LANGUAGE_STANDARD = "gnu++0x";
				CLANG_CXX_LIBRARY = "libc++";
				CLANG_ENABLE_MODULES = YES;
				CLANG_ENABLE_OBJC_ARC = YES;
				CLANG_WARN_BOOL_CONVERSION = YES;
				CLANG_WARN_CONSTANT_CONVERSION = YES;
				CLANG_WARN_DIRECT_OBJC_ISA_USAGE = YES_ERROR;
				CLANG_WARN_EMPTY_BODY = YES;
				CLANG_WARN_ENUM_CONVERSION = YES;
				CLANG_WARN_INT_CONVERSION = YES;
				CLANG_WARN_OBJC_ROOT_CLASS = YES_ERROR;
				CLANG_WARN__DUPLICATE_METHOD_MATCH = YES;
				"CODE_SIGN_IDENTITY[sdk=iphoneos*]" = "iPhone Developer";
				COPY_PHASE_STRIP = YES;
				ENABLE_NS_ASSERTIONS = NO;
				GCC_C_LANGUAGE_STANDARD = gnu99;
				GCC_WARN_64_TO_32_BIT_CONVERSION = YES;
				GCC_WARN_ABOUT_RETURN_TYPE = YES_ERROR;
				GCC_WARN_UNDECLARED_SELECTOR = YES;
				GCC_WARN_UNINITIALIZED_AUTOS = YES_AGGRESSIVE;
				GCC_WARN_UNUSED_FUNCTION = YES;
				GCC_WARN_UNUSED_VARIABLE = YES;
				IPHONEOS_DEPLOYMENT_TARGET = 7.1;
				SDKROOT = iphoneos;
				VALIDATE_PRODUCT = YES;
			};
			name = Release;
		};
		367A19D519DD05CA006B876C /* Debug */ = {
			isa = XCBuildConfiguration;
			buildSettings = {
				ASSETCATALOG_COMPILER_APPICON_NAME = AppIcon;
				ASSETCATALOG_COMPILER_LAUNCHIMAGE_NAME = LaunchImage;
				FRAMEWORK_SEARCH_PATHS = (
					"$(inherited)",
					"$(PROJECT_DIR)",
				);
				GCC_PRECOMPILE_PREFIX_HEADER = YES;
				GCC_PREFIX_HEADER = "TextbookExchange/TextbookExchange-Prefix.pch";
				INFOPLIST_FILE = "TextbookExchange/TextbookExchange-Info.plist";
				PRODUCT_NAME = "$(TARGET_NAME)";
				WRAPPER_EXTENSION = app;
			};
			name = Debug;
		};
		367A19D619DD05CA006B876C /* Release */ = {
			isa = XCBuildConfiguration;
			buildSettings = {
				ASSETCATALOG_COMPILER_APPICON_NAME = AppIcon;
				ASSETCATALOG_COMPILER_LAUNCHIMAGE_NAME = LaunchImage;
				FRAMEWORK_SEARCH_PATHS = (
					"$(inherited)",
					"$(PROJECT_DIR)",
				);
				GCC_PRECOMPILE_PREFIX_HEADER = YES;
				GCC_PREFIX_HEADER = "TextbookExchange/TextbookExchange-Prefix.pch";
				INFOPLIST_FILE = "TextbookExchange/TextbookExchange-Info.plist";
				PRODUCT_NAME = "$(TARGET_NAME)";
				WRAPPER_EXTENSION = app;
			};
			name = Release;
		};
		367A19D819DD05CA006B876C /* Debug */ = {
			isa = XCBuildConfiguration;
			buildSettings = {
				BUNDLE_LOADER = "$(BUILT_PRODUCTS_DIR)/TextbookExchange.app/TextbookExchange";
				FRAMEWORK_SEARCH_PATHS = (
					"$(SDKROOT)/Developer/Library/Frameworks",
					"$(inherited)",
					"$(DEVELOPER_FRAMEWORKS_DIR)",
				);
				GCC_PRECOMPILE_PREFIX_HEADER = YES;
				GCC_PREFIX_HEADER = "TextbookExchange/TextbookExchange-Prefix.pch";
				GCC_PREPROCESSOR_DEFINITIONS = (
					"DEBUG=1",
					"$(inherited)",
				);
				INFOPLIST_FILE = "TextbookExchangeTests/TextbookExchangeTests-Info.plist";
				PRODUCT_NAME = "$(TARGET_NAME)";
				TEST_HOST = "$(BUNDLE_LOADER)";
				WRAPPER_EXTENSION = xctest;
			};
			name = Debug;
		};
		367A19D919DD05CA006B876C /* Release */ = {
			isa = XCBuildConfiguration;
			buildSettings = {
				BUNDLE_LOADER = "$(BUILT_PRODUCTS_DIR)/TextbookExchange.app/TextbookExchange";
				FRAMEWORK_SEARCH_PATHS = (
					"$(SDKROOT)/Developer/Library/Frameworks",
					"$(inherited)",
					"$(DEVELOPER_FRAMEWORKS_DIR)",
				);
				GCC_PRECOMPILE_PREFIX_HEADER = YES;
				GCC_PREFIX_HEADER = "TextbookExchange/TextbookExchange-Prefix.pch";
				INFOPLIST_FILE = "TextbookExchangeTests/TextbookExchangeTests-Info.plist";
				PRODUCT_NAME = "$(TARGET_NAME)";
				TEST_HOST = "$(BUNDLE_LOADER)";
				WRAPPER_EXTENSION = xctest;
			};
			name = Release;
		};
/* End XCBuildConfiguration section */

/* Begin XCConfigurationList section */
		367A199D19DD05C9006B876C /* Build configuration list for PBXProject "TextbookExchange" */ = {
			isa = XCConfigurationList;
			buildConfigurations = (
				367A19D219DD05CA006B876C /* Debug */,
				367A19D319DD05CA006B876C /* Release */,
			);
			defaultConfigurationIsVisible = 0;
			defaultConfigurationName = Release;
		};
		367A19D419DD05CA006B876C /* Build configuration list for PBXNativeTarget "TextbookExchange" */ = {
			isa = XCConfigurationList;
			buildConfigurations = (
				367A19D519DD05CA006B876C /* Debug */,
				367A19D619DD05CA006B876C /* Release */,
			);
			defaultConfigurationIsVisible = 0;
			defaultConfigurationName = Release;
		};
		367A19D719DD05CA006B876C /* Build configuration list for PBXNativeTarget "TextbookExchangeTests" */ = {
			isa = XCConfigurationList;
			buildConfigurations = (
				367A19D819DD05CA006B876C /* Debug */,
				367A19D919DD05CA006B876C /* Release */,
			);
			defaultConfigurationIsVisible = 0;
			defaultConfigurationName = Release;
		};
/* End XCConfigurationList section */
	};
	rootObject = 367A199A19DD05C9006B876C /* Project object */;
}
